
Microsoft Visual Studio Solution File, Format Version 12.00
# Visual Studio Version 16
VisualStudioVersion = 25.0.1705.1
MinimumVisualStudioVersion = 10.0.40219.1
Project("{FAE04EC0-301F-11D3-BF4B-00C04F79EFBC}") = "Application", "Application.csproj", "{BF9FB922-0E23-4431-813F-61B26FD8CD6A}"
EndProject
Global
	GlobalSection(SolutionConfigurationPlatforms) = preSolution
		Debug|Any CPU = Debug|Any CPU
		Release|Any CPU = Release|Any CPU
	EndGlobalSection
	GlobalSection(ProjectConfigurationPlatforms) = postSolution
		{BF9FB922-0E23-4431-813F-61B26FD8CD6A}.Debug|Any CPU.ActiveCfg = Debug|Any CPU
		{BF9FB922-0E23-4431-813F-61B26FD8CD6A}.Debug|Any CPU.Build.0 = Debug|Any CPU
		{BF9FB922-0E23-4431-813F-61B26FD8CD6A}.Release|Any CPU.ActiveCfg = Release|Any CPU
		{BF9FB922-0E23-4431-813F-61B26FD8CD6A}.Release|Any CPU.Build.0 = Release|Any CPU
	EndGlobalSection
	GlobalSection(SolutionProperties) = preSolution
		HideSolutionNode = FALSE
	EndGlobalSection
	GlobalSection(ExtensibilityGlobals) = postSolution
		SolutionGuid = {45367C4B-8073-4C8D-8F58-A47AB054D6D6}
	EndGlobalSection
EndGlobal
